<Solution>
  <Project Path="Drowsy.Domain.csproj" />
  <Project Path="Drowsy.Application.csproj" />
  <Project Path="Drowsy.Infrastructure.csproj" />
  <Project Path="Drowsy.Infrastructure.Tests.csproj" />
  <Project Path="Drowsy.Application.Tests.csproj" />
  <Project Path="Drowsy.Domain.Tests.csproj" />
  <Project Path="Drowsy.Infrastructure.Editor.csproj" />
</Solution>
